
Microsoft Visual Studio Solution File, Format Version 12.00
# Visual Studio Version 16
VisualStudioVersion = 16.0.29020.237
MinimumVisualStudioVersion = 10.0.40219.1
Project("{9A19103F-16F7-4668-BE54-9A1E7A4F7556}") = "BoardGames.Domain", "src\BoardGames.Domain\BoardGames.Domain.csproj", "{554AD327-6DBA-4F8F-96F8-81CE7A0C863F}"
EndProject
Project("{9A19103F-16F7-4668-BE54-9A1E7A4F7556}") = "BoardGames.Application", "src\BoardGames.Application\BoardGames.Application.csproj", "{1A94A50E-06DC-43C1-80B5-B662820EC3EB}"
EndProject
Project("{9A19103F-16F7-4668-BE54-9A1E7A4F7556}") = "BoardGames.EntityFrameworkCore", "src\BoardGames.EntityFrameworkCore\BoardGames.EntityFrameworkCore.csproj", "{C956DD76-69C8-4A9C-83EA-D17DF83340FD}"
EndProject
Project("{2150E333-8FDC-42A3-9474-1A3956D46DE8}") = "src", "src", "{CA9AC87F-097E-4F15-8393-4BC07735A5B0}"
EndProject
Project("{2150E333-8FDC-42A3-9474-1A3956D46DE8}") = "test", "test", "{04DBDB01-70F4-4E06-B468-8F87850B22BE}"
EndProject
Project("{9A19103F-16F7-4668-BE54-9A1E7A4F7556}") = "BoardGames.Application.Tests", "test\BoardGames.Application.Tests\BoardGames.Application.Tests.csproj", "{50B2631D-129C-47B3-A587-029CCD6099BC}"
EndProject
Project("{9A19103F-16F7-4668-BE54-9A1E7A4F7556}") = "BoardGames.EntityFrameworkCore.DbMigrations", "src\BoardGames.EntityFrameworkCore.DbMigrations\BoardGames.EntityFrameworkCore.DbMigrations.csproj", "{0372FA84-C517-4EB3-9A9F-B9ACAC0CA5E0}"
EndProject
Project("{9A19103F-16F7-4668-BE54-9A1E7A4F7556}") = "BoardGames.Domain.Shared", "src\BoardGames.Domain.Shared\BoardGames.Domain.Shared.csproj", "{42F719ED-8413-4895-B5B4-5AB56079BC66}"
EndProject
Project("{9A19103F-16F7-4668-BE54-9A1E7A4F7556}") = "BoardGames.Application.Contracts", "src\BoardGames.Application.Contracts\BoardGames.Application.Contracts.csproj", "{520659C8-C734-4298-A3DA-B539DB9DFC0B}"
EndProject
Project("{9A19103F-16F7-4668-BE54-9A1E7A4F7556}") = "BoardGames.HttpApi", "src\BoardGames.HttpApi\BoardGames.HttpApi.csproj", "{4164BDF7-F527-4E85-9CE6-E3C2D7426A27}"
EndProject
Project("{9A19103F-16F7-4668-BE54-9A1E7A4F7556}") = "BoardGames.HttpApi.Client", "src\BoardGames.HttpApi.Client\BoardGames.HttpApi.Client.csproj", "{3B5A0094-670D-4BB1-BFDD-61B88A8773DC}"
EndProject
Project("{9A19103F-16F7-4668-BE54-9A1E7A4F7556}") = "BoardGames.EntityFrameworkCore.Tests", "test\BoardGames.EntityFrameworkCore.Tests\BoardGames.EntityFrameworkCore.Tests.csproj", "{1FE30EB9-74A9-47F5-A9F6-7B1FAB672D81}"
EndProject
Project("{9A19103F-16F7-4668-BE54-9A1E7A4F7556}") = "BoardGames.TestBase", "test\BoardGames.TestBase\BoardGames.TestBase.csproj", "{91853F21-9CD9-4132-BC29-A7D5D84FFFE7}"
EndProject
Project("{9A19103F-16F7-4668-BE54-9A1E7A4F7556}") = "BoardGames.Domain.Tests", "test\BoardGames.Domain.Tests\BoardGames.Domain.Tests.csproj", "{E512F4D9-9375-480F-A2F6-A46509F9D824}"
EndProject
Project("{9A19103F-16F7-4668-BE54-9A1E7A4F7556}") = "BoardGames.HttpApi.Client.ConsoleTestApp", "test\BoardGames.HttpApi.Client.ConsoleTestApp\BoardGames.HttpApi.Client.ConsoleTestApp.csproj", "{EF480016-9127-4916-8735-D2466BDBC582}"
EndProject
Project("{9A19103F-16F7-4668-BE54-9A1E7A4F7556}") = "BoardGames.DbMigrator", "src\BoardGames.DbMigrator\BoardGames.DbMigrator.csproj", "{AA94D832-1CCC-4715-95A9-A483F23A1A5D}"
EndProject
Project("{9A19103F-16F7-4668-BE54-9A1E7A4F7556}") = "BoardGames.HttpApi.Host", "src\BoardGames.HttpApi.Host\BoardGames.HttpApi.Host.csproj", "{748584B1-BA69-4F6A-81AA-F4BDE6BCE29D}"
EndProject
Project("{2150E333-8FDC-42A3-9474-1A3956D46DE8}") = "modules", "modules", "{FDDD65AB-70E5-40A0-A266-B5396BC33716}"
EndProject
Project("{2150E333-8FDC-42A3-9474-1A3956D46DE8}") = "ThousandBombsAndGrenades", "ThousandBombsAndGrenades", "{95E61DB6-CCDB-4AF5-BD9E-FA0192390A51}"
EndProject
Project("{9A19103F-16F7-4668-BE54-9A1E7A4F7556}") = "ThousandBombsAndGrenades.Application", "modules\ThousandBombsAndGrenades\src\ThousandBombsAndGrenades.Application\ThousandBombsAndGrenades.Application.csproj", "{45C1F0F1-8934-4888-B9A3-F5DA750C5EE3}"
EndProject
Project("{9A19103F-16F7-4668-BE54-9A1E7A4F7556}") = "ThousandBombsAndGrenades.HttpApi", "modules\ThousandBombsAndGrenades\src\ThousandBombsAndGrenades.HttpApi\ThousandBombsAndGrenades.HttpApi.csproj", "{FAC7F3F2-B184-4DFA-8496-1620C3F6AC12}"
EndProject
Project("{9A19103F-16F7-4668-BE54-9A1E7A4F7556}") = "ThousandBombsAndGrenades.Application.Contracts", "modules\ThousandBombsAndGrenades\src\ThousandBombsAndGrenades.Application.Contracts\ThousandBombsAndGrenades.Application.Contracts.csproj", "{55A7CB21-182F-488F-9063-182D436B7DF9}"
EndProject
Project("{9A19103F-16F7-4668-BE54-9A1E7A4F7556}") = "ThousandBombsAndGrenades.Domain", "modules\ThousandBombsAndGrenades\src\ThousandBombsAndGrenades.Domain\ThousandBombsAndGrenades.Domain.csproj", "{7F879D45-F6D8-45A0-91B1-BF06EAF48B0E}"
EndProject
Project("{9A19103F-16F7-4668-BE54-9A1E7A4F7556}") = "ThousandBombsAndGrenades.Domain.Shared", "modules\ThousandBombsAndGrenades\src\ThousandBombsAndGrenades.Domain.Shared\ThousandBombsAndGrenades.Domain.Shared.csproj", "{72BB66BC-45EF-4AC3-B527-BB10286C4AD8}"
EndProject
Project("{9A19103F-16F7-4668-BE54-9A1E7A4F7556}") = "ThousandBombsAndGrenades.EntityFrameworkCore", "modules\ThousandBombsAndGrenades\src\ThousandBombsAndGrenades.EntityFrameworkCore\ThousandBombsAndGrenades.EntityFrameworkCore.csproj", "{DFCA9234-50B6-4EF8-9377-6CDC3AD4CDAD}"
EndProject
Project("{9A19103F-16F7-4668-BE54-9A1E7A4F7556}") = "ThousandBombsAndGrenades.HttpApi.Client", "modules\ThousandBombsAndGrenades\src\ThousandBombsAndGrenades.HttpApi.Client\ThousandBombsAndGrenades.HttpApi.Client.csproj", "{6BBC77C8-D046-4868-BFA3-9187B9437345}"
EndProject
Global
	GlobalSection(SolutionConfigurationPlatforms) = preSolution
		Debug|Any CPU = Debug|Any CPU
		Release|Any CPU = Release|Any CPU
	EndGlobalSection
	GlobalSection(ProjectConfigurationPlatforms) = postSolution
		{554AD327-6DBA-4F8F-96F8-81CE7A0C863F}.Debug|Any CPU.ActiveCfg = Debug|Any CPU
		{554AD327-6DBA-4F8F-96F8-81CE7A0C863F}.Debug|Any CPU.Build.0 = Debug|Any CPU
		{554AD327-6DBA-4F8F-96F8-81CE7A0C863F}.Release|Any CPU.ActiveCfg = Release|Any CPU
		{554AD327-6DBA-4F8F-96F8-81CE7A0C863F}.Release|Any CPU.Build.0 = Release|Any CPU
		{1A94A50E-06DC-43C1-80B5-B662820EC3EB}.Debug|Any CPU.ActiveCfg = Debug|Any CPU
		{1A94A50E-06DC-43C1-80B5-B662820EC3EB}.Debug|Any CPU.Build.0 = Debug|Any CPU
		{1A94A50E-06DC-43C1-80B5-B662820EC3EB}.Release|Any CPU.ActiveCfg = Release|Any CPU
		{1A94A50E-06DC-43C1-80B5-B662820EC3EB}.Release|Any CPU.Build.0 = Release|Any CPU
		{C956DD76-69C8-4A9C-83EA-D17DF83340FD}.Debug|Any CPU.ActiveCfg = Debug|Any CPU
		{C956DD76-69C8-4A9C-83EA-D17DF83340FD}.Debug|Any CPU.Build.0 = Debug|Any CPU
		{C956DD76-69C8-4A9C-83EA-D17DF83340FD}.Release|Any CPU.ActiveCfg = Release|Any CPU
		{C956DD76-69C8-4A9C-83EA-D17DF83340FD}.Release|Any CPU.Build.0 = Release|Any CPU
		{50B2631D-129C-47B3-A587-029CCD6099BC}.Debug|Any CPU.ActiveCfg = Debug|Any CPU
		{50B2631D-129C-47B3-A587-029CCD6099BC}.Debug|Any CPU.Build.0 = Debug|Any CPU
		{50B2631D-129C-47B3-A587-029CCD6099BC}.Release|Any CPU.ActiveCfg = Release|Any CPU
		{50B2631D-129C-47B3-A587-029CCD6099BC}.Release|Any CPU.Build.0 = Release|Any CPU
		{0372FA84-C517-4EB3-9A9F-B9ACAC0CA5E0}.Debug|Any CPU.ActiveCfg = Debug|Any CPU
		{0372FA84-C517-4EB3-9A9F-B9ACAC0CA5E0}.Debug|Any CPU.Build.0 = Debug|Any CPU
		{0372FA84-C517-4EB3-9A9F-B9ACAC0CA5E0}.Release|Any CPU.ActiveCfg = Release|Any CPU
		{0372FA84-C517-4EB3-9A9F-B9ACAC0CA5E0}.Release|Any CPU.Build.0 = Release|Any CPU
		{42F719ED-8413-4895-B5B4-5AB56079BC66}.Debug|Any CPU.ActiveCfg = Debug|Any CPU
		{42F719ED-8413-4895-B5B4-5AB56079BC66}.Debug|Any CPU.Build.0 = Debug|Any CPU
		{42F719ED-8413-4895-B5B4-5AB56079BC66}.Release|Any CPU.ActiveCfg = Release|Any CPU
		{42F719ED-8413-4895-B5B4-5AB56079BC66}.Release|Any CPU.Build.0 = Release|Any CPU
		{520659C8-C734-4298-A3DA-B539DB9DFC0B}.Debug|Any CPU.ActiveCfg = Debug|Any CPU
		{520659C8-C734-4298-A3DA-B539DB9DFC0B}.Debug|Any CPU.Build.0 = Debug|Any CPU
		{520659C8-C734-4298-A3DA-B539DB9DFC0B}.Release|Any CPU.ActiveCfg = Release|Any CPU
		{520659C8-C734-4298-A3DA-B539DB9DFC0B}.Release|Any CPU.Build.0 = Release|Any CPU
		{4164BDF7-F527-4E85-9CE6-E3C2D7426A27}.Debug|Any CPU.ActiveCfg = Debug|Any CPU
		{4164BDF7-F527-4E85-9CE6-E3C2D7426A27}.Debug|Any CPU.Build.0 = Debug|Any CPU
		{4164BDF7-F527-4E85-9CE6-E3C2D7426A27}.Release|Any CPU.ActiveCfg = Release|Any CPU
		{4164BDF7-F527-4E85-9CE6-E3C2D7426A27}.Release|Any CPU.Build.0 = Release|Any CPU
		{3B5A0094-670D-4BB1-BFDD-61B88A8773DC}.Debug|Any CPU.ActiveCfg = Debug|Any CPU
		{3B5A0094-670D-4BB1-BFDD-61B88A8773DC}.Debug|Any CPU.Build.0 = Debug|Any CPU
		{3B5A0094-670D-4BB1-BFDD-61B88A8773DC}.Release|Any CPU.ActiveCfg = Release|Any CPU
		{3B5A0094-670D-4BB1-BFDD-61B88A8773DC}.Release|Any CPU.Build.0 = Release|Any CPU
		{1FE30EB9-74A9-47F5-A9F6-7B1FAB672D81}.Debug|Any CPU.ActiveCfg = Debug|Any CPU
		{1FE30EB9-74A9-47F5-A9F6-7B1FAB672D81}.Debug|Any CPU.Build.0 = Debug|Any CPU
		{1FE30EB9-74A9-47F5-A9F6-7B1FAB672D81}.Release|Any CPU.ActiveCfg = Release|Any CPU
		{1FE30EB9-74A9-47F5-A9F6-7B1FAB672D81}.Release|Any CPU.Build.0 = Release|Any CPU
		{91853F21-9CD9-4132-BC29-A7D5D84FFFE7}.Debug|Any CPU.ActiveCfg = Debug|Any CPU
		{91853F21-9CD9-4132-BC29-A7D5D84FFFE7}.Debug|Any CPU.Build.0 = Debug|Any CPU
		{91853F21-9CD9-4132-BC29-A7D5D84FFFE7}.Release|Any CPU.ActiveCfg = Release|Any CPU
		{91853F21-9CD9-4132-BC29-A7D5D84FFFE7}.Release|Any CPU.Build.0 = Release|Any CPU
		{E512F4D9-9375-480F-A2F6-A46509F9D824}.Debug|Any CPU.ActiveCfg = Debug|Any CPU
		{E512F4D9-9375-480F-A2F6-A46509F9D824}.Debug|Any CPU.Build.0 = Debug|Any CPU
		{E512F4D9-9375-480F-A2F6-A46509F9D824}.Release|Any CPU.ActiveCfg = Release|Any CPU
		{E512F4D9-9375-480F-A2F6-A46509F9D824}.Release|Any CPU.Build.0 = Release|Any CPU
		{EF480016-9127-4916-8735-D2466BDBC582}.Debug|Any CPU.ActiveCfg = Debug|Any CPU
		{EF480016-9127-4916-8735-D2466BDBC582}.Debug|Any CPU.Build.0 = Debug|Any CPU
		{EF480016-9127-4916-8735-D2466BDBC582}.Release|Any CPU.ActiveCfg = Release|Any CPU
		{EF480016-9127-4916-8735-D2466BDBC582}.Release|Any CPU.Build.0 = Release|Any CPU
		{AA94D832-1CCC-4715-95A9-A483F23A1A5D}.Debug|Any CPU.ActiveCfg = Debug|Any CPU
		{AA94D832-1CCC-4715-95A9-A483F23A1A5D}.Debug|Any CPU.Build.0 = Debug|Any CPU
		{AA94D832-1CCC-4715-95A9-A483F23A1A5D}.Release|Any CPU.ActiveCfg = Release|Any CPU
		{AA94D832-1CCC-4715-95A9-A483F23A1A5D}.Release|Any CPU.Build.0 = Release|Any CPU
		{748584B1-BA69-4F6A-81AA-F4BDE6BCE29D}.Debug|Any CPU.ActiveCfg = Debug|Any CPU
		{748584B1-BA69-4F6A-81AA-F4BDE6BCE29D}.Debug|Any CPU.Build.0 = Debug|Any CPU
		{748584B1-BA69-4F6A-81AA-F4BDE6BCE29D}.Release|Any CPU.ActiveCfg = Release|Any CPU
		{748584B1-BA69-4F6A-81AA-F4BDE6BCE29D}.Release|Any CPU.Build.0 = Release|Any CPU
		{45C1F0F1-8934-4888-B9A3-F5DA750C5EE3}.Debug|Any CPU.ActiveCfg = Debug|Any CPU
		{45C1F0F1-8934-4888-B9A3-F5DA750C5EE3}.Debug|Any CPU.Build.0 = Debug|Any CPU
		{45C1F0F1-8934-4888-B9A3-F5DA750C5EE3}.Release|Any CPU.ActiveCfg = Release|Any CPU
		{45C1F0F1-8934-4888-B9A3-F5DA750C5EE3}.Release|Any CPU.Build.0 = Release|Any CPU
		{FAC7F3F2-B184-4DFA-8496-1620C3F6AC12}.Debug|Any CPU.ActiveCfg = Debug|Any CPU
		{FAC7F3F2-B184-4DFA-8496-1620C3F6AC12}.Debug|Any CPU.Build.0 = Debug|Any CPU
		{FAC7F3F2-B184-4DFA-8496-1620C3F6AC12}.Release|Any CPU.ActiveCfg = Release|Any CPU
		{FAC7F3F2-B184-4DFA-8496-1620C3F6AC12}.Release|Any CPU.Build.0 = Release|Any CPU
		{55A7CB21-182F-488F-9063-182D436B7DF9}.Debug|Any CPU.ActiveCfg = Debug|Any CPU
		{55A7CB21-182F-488F-9063-182D436B7DF9}.Debug|Any CPU.Build.0 = Debug|Any CPU
		{55A7CB21-182F-488F-9063-182D436B7DF9}.Release|Any CPU.ActiveCfg = Release|Any CPU
		{55A7CB21-182F-488F-9063-182D436B7DF9}.Release|Any CPU.Build.0 = Release|Any CPU
		{7F879D45-F6D8-45A0-91B1-BF06EAF48B0E}.Debug|Any CPU.ActiveCfg = Debug|Any CPU
		{7F879D45-F6D8-45A0-91B1-BF06EAF48B0E}.Debug|Any CPU.Build.0 = Debug|Any CPU
		{7F879D45-F6D8-45A0-91B1-BF06EAF48B0E}.Release|Any CPU.ActiveCfg = Release|Any CPU
		{7F879D45-F6D8-45A0-91B1-BF06EAF48B0E}.Release|Any CPU.Build.0 = Release|Any CPU
		{72BB66BC-45EF-4AC3-B527-BB10286C4AD8}.Debug|Any CPU.ActiveCfg = Debug|Any CPU
		{72BB66BC-45EF-4AC3-B527-BB10286C4AD8}.Debug|Any CPU.Build.0 = Debug|Any CPU
		{72BB66BC-45EF-4AC3-B527-BB10286C4AD8}.Release|Any CPU.ActiveCfg = Release|Any CPU
		{72BB66BC-45EF-4AC3-B527-BB10286C4AD8}.Release|Any CPU.Build.0 = Release|Any CPU
		{DFCA9234-50B6-4EF8-9377-6CDC3AD4CDAD}.Debug|Any CPU.ActiveCfg = Debug|Any CPU
		{DFCA9234-50B6-4EF8-9377-6CDC3AD4CDAD}.Debug|Any CPU.Build.0 = Debug|Any CPU
		{DFCA9234-50B6-4EF8-9377-6CDC3AD4CDAD}.Release|Any CPU.ActiveCfg = Release|Any CPU
		{DFCA9234-50B6-4EF8-9377-6CDC3AD4CDAD}.Release|Any CPU.Build.0 = Release|Any CPU
		{6BBC77C8-D046-4868-BFA3-9187B9437345}.Debug|Any CPU.ActiveCfg = Debug|Any CPU
		{6BBC77C8-D046-4868-BFA3-9187B9437345}.Debug|Any CPU.Build.0 = Debug|Any CPU
		{6BBC77C8-D046-4868-BFA3-9187B9437345}.Release|Any CPU.ActiveCfg = Release|Any CPU
		{6BBC77C8-D046-4868-BFA3-9187B9437345}.Release|Any CPU.Build.0 = Release|Any CPU
	EndGlobalSection
	GlobalSection(SolutionProperties) = preSolution
		HideSolutionNode = FALSE
	EndGlobalSection
	GlobalSection(NestedProjects) = preSolution
		{554AD327-6DBA-4F8F-96F8-81CE7A0C863F} = {CA9AC87F-097E-4F15-8393-4BC07735A5B0}
		{1A94A50E-06DC-43C1-80B5-B662820EC3EB} = {CA9AC87F-097E-4F15-8393-4BC07735A5B0}
		{C956DD76-69C8-4A9C-83EA-D17DF83340FD} = {CA9AC87F-097E-4F15-8393-4BC07735A5B0}
		{50B2631D-129C-47B3-A587-029CCD6099BC} = {04DBDB01-70F4-4E06-B468-8F87850B22BE}
		{0372FA84-C517-4EB3-9A9F-B9ACAC0CA5E0} = {CA9AC87F-097E-4F15-8393-4BC07735A5B0}
		{42F719ED-8413-4895-B5B4-5AB56079BC66} = {CA9AC87F-097E-4F15-8393-4BC07735A5B0}
		{520659C8-C734-4298-A3DA-B539DB9DFC0B} = {CA9AC87F-097E-4F15-8393-4BC07735A5B0}
		{4164BDF7-F527-4E85-9CE6-E3C2D7426A27} = {CA9AC87F-097E-4F15-8393-4BC07735A5B0}
		{3B5A0094-670D-4BB1-BFDD-61B88A8773DC} = {CA9AC87F-097E-4F15-8393-4BC07735A5B0}
		{1FE30EB9-74A9-47F5-A9F6-7B1FAB672D81} = {04DBDB01-70F4-4E06-B468-8F87850B22BE}
		{91853F21-9CD9-4132-BC29-A7D5D84FFFE7} = {04DBDB01-70F4-4E06-B468-8F87850B22BE}
		{E512F4D9-9375-480F-A2F6-A46509F9D824} = {04DBDB01-70F4-4E06-B468-8F87850B22BE}
		{EF480016-9127-4916-8735-D2466BDBC582} = {04DBDB01-70F4-4E06-B468-8F87850B22BE}
		{AA94D832-1CCC-4715-95A9-A483F23A1A5D} = {CA9AC87F-097E-4F15-8393-4BC07735A5B0}
		{748584B1-BA69-4F6A-81AA-F4BDE6BCE29D} = {CA9AC87F-097E-4F15-8393-4BC07735A5B0}
		{95E61DB6-CCDB-4AF5-BD9E-FA0192390A51} = {FDDD65AB-70E5-40A0-A266-B5396BC33716}
		{45C1F0F1-8934-4888-B9A3-F5DA750C5EE3} = {95E61DB6-CCDB-4AF5-BD9E-FA0192390A51}
		{FAC7F3F2-B184-4DFA-8496-1620C3F6AC12} = {95E61DB6-CCDB-4AF5-BD9E-FA0192390A51}
		{55A7CB21-182F-488F-9063-182D436B7DF9} = {95E61DB6-CCDB-4AF5-BD9E-FA0192390A51}
		{7F879D45-F6D8-45A0-91B1-BF06EAF48B0E} = {95E61DB6-CCDB-4AF5-BD9E-FA0192390A51}
		{72BB66BC-45EF-4AC3-B527-BB10286C4AD8} = {95E61DB6-CCDB-4AF5-BD9E-FA0192390A51}
		{DFCA9234-50B6-4EF8-9377-6CDC3AD4CDAD} = {95E61DB6-CCDB-4AF5-BD9E-FA0192390A51}
		{6BBC77C8-D046-4868-BFA3-9187B9437345} = {95E61DB6-CCDB-4AF5-BD9E-FA0192390A51}
	EndGlobalSection
	GlobalSection(ExtensibilityGlobals) = postSolution
		SolutionGuid = {28315BFD-90E7-4E14-A2EA-F3D23AF4126F}
	EndGlobalSection
EndGlobal
